<?xml version="1.0" encoding="utf-8"?>
<Project ToolsVersion="4.0" xmlns="http://schemas.microsoft.com/developer/msbuild/2003">
  <ItemGroup>
    <Filter Include="源文件">
      <UniqueIdentifier>{4FC737F1-C7A5-4376-A066-2A32D752A2FF}</UniqueIdentifier>
      <Extensions>cpp;c;cc;cxx;def;odl;idl;hpj;bat;asm;asmx</Extensions>
    </Filter>
    <Filter Include="头文件">
      <UniqueIdentifier>{93995380-89BD-4b04-88EB-625FBE52EBFB}</UniqueIdentifier>
      <Extensions>h;hh;hpp;hxx;hm;inl;inc;ipp;xsd</Extensions>
    </Filter>
    <Filter Include="资源文件">
      <UniqueIdentifier>{67DA6AB6-F800-4c08-8B7A-83BB121AAD01}</UniqueIdentifier>
      <Extensions>rc;ico;cur;bmp;dlg;rc2;rct;bin;rgs;gif;jpg;jpeg;jpe;resx;tiff;tif;png;wav;mfcribbon-ms</Extensions>
    </Filter>
    <Filter Include="头文件\基础ADT">
      <UniqueIdentifier>{969c8516-71ca-49f1-99fa-de1caa47de8a}</UniqueIdentifier>
    </Filter>
    <Filter Include="源文件\基础ADT">
      <UniqueIdentifier>{f09ae358-1c83-48f4-8635-dac3b4d687f9}</UniqueIdentifier>
    </Filter>
  </ItemGroup>
  <ItemGroup>
    <ClCompile Include="main.cpp">
      <Filter>源文件</Filter>
    </ClCompile>
    <ClCompile Include="TestModule.cpp">
      <Filter>源文件</Filter>
    </ClCompile>
    <ClCompile Include="UserInterface.cpp">
      <Filter>源文件</Filter>
    </ClCompile>
    <ClCompile Include="CollegeInfo.cpp">
      <Filter>源文件</Filter>
    </ClCompile>
    <ClCompile Include="BPlusTree.cpp">
      <Filter>源文件\基础ADT</Filter>
    </ClCompile>
    <ClCompile Include="ExternalSorting.cpp">
      <Filter>源文件\基础ADT</Filter>
    </ClCompile>
    <ClCompile Include="Sort.cpp">
      <Filter>源文件\基础ADT</Filter>
    </ClCompile>
    <ClCompile Include="HashFiles.cpp">
      <Filter>源文件\基础ADT</Filter>
    </ClCompile>
    <ClCompile Include="SubscriptionInfo.cpp">
      <Filter>源文件</Filter>
    </ClCompile>
    <ClCompile Include="BPTbase.cpp">
      <Filter>源文件\基础ADT</Filter>
    </ClCompile>
    <ClCompile Include="BookInfo.cpp">
      <Filter>源文件</Filter>
    </ClCompile>
  </ItemGroup>
  <ItemGroup>
    <ClInclude Include="UserInterface.h">
      <Filter>头文件</Filter>
    </ClInclude>
    <ClInclude Include="CollegeInfo.h">
      <Filter>头文件</Filter>
    </ClInclude>
    <ClInclude Include="BookInfo.h">
      <Filter>头文件</Filter>
    </ClInclude>
    <ClInclude Include="Sort.h">
      <Filter>头文件\基础ADT</Filter>
    </ClInclude>
    <ClInclude Include="ExternalSorting.h">
      <Filter>头文件\基础ADT</Filter>
    </ClInclude>
    <ClInclude Include="SubscriptionInfo.h">
      <Filter>头文件</Filter>
    </ClInclude>
    <ClInclude Include="HashFiles.h">
      <Filter>头文件\基础ADT</Filter>
    </ClInclude>
    <ClInclude Include="BPlusTree.h">
      <Filter>头文件\基础ADT</Filter>
    </ClInclude>
    <ClInclude Include="BPTbase.h">
      <Filter>头文件\基础ADT</Filter>
    </ClInclude>
  </ItemGroup>
  <ItemGroup>
    <Text Include="university.txt">
      <Filter>资源文件</Filter>
    </Text>
    <Text Include="books.txt">
      <Filter>资源文件</Filter>
    </Text>
    <Text Include="subscription.txt">
      <Filter>资源文件</Filter>
    </Text>
    <Text Include="sub_info.txt">
      <Filter>资源文件</Filter>
    </Text>
  </ItemGroup>
  <ItemGroup>
    <None Include="university.dat">
      <Filter>资源文件</Filter>
    </None>
    <None Include="books.dat">
      <Filter>资源文件</Filter>
    </None>
    <None Include="subscription.dat">
      <Filter>资源文件</Filter>
    </None>
  </ItemGroup>
</Project>